
Microsoft Visual Studio Solution File, Format Version 12.00
# Visual Studio Version 16
VisualStudioVersion = 16.0.29911.84
MinimumVisualStudioVersion = 10.0.40219.1
Project("{FAE04EC0-301F-11D3-BF4B-00C04F79EFBC}") = "WindowsFormsApp1", "WindowsFormsApp1\WindowsFormsApp1.csproj", "{729FE876-C7D8-4BB7-9CCE-557BD50A7D8A}"
EndProject
Global
	GlobalSection(SolutionConfigurationPlatforms) = preSolution
		Debug|Any CPU = Debug|Any CPU
		Release|Any CPU = Release|Any CPU
	EndGlobalSection
	GlobalSection(ProjectConfigurationPlatforms) = postSolution
		{729FE876-C7D8-4BB7-9CCE-557BD50A7D8A}.Debug|Any CPU.ActiveCfg = Debug|Any CPU
		{729FE876-C7D8-4BB7-9CCE-557BD50A7D8A}.Debug|Any CPU.Build.0 = Debug|Any CPU
		{729FE876-C7D8-4BB7-9CCE-557BD50A7D8A}.Release|Any CPU.ActiveCfg = Release|Any CPU
		{729FE876-C7D8-4BB7-9CCE-557BD50A7D8A}.Release|Any CPU.Build.0 = Release|Any CPU
	EndGlobalSection
	GlobalSection(SolutionProperties) = preSolution
		HideSolutionNode = FALSE
	EndGlobalSection
	GlobalSection(ExtensibilityGlobals) = postSolution
		SolutionGuid = {FAE94555-5E84-48AA-88AF-E512F1D0D72D}
	EndGlobalSection
EndGlobal
