
Microsoft Visual Studio Solution File, Format Version 12.00
# Visual Studio Version 16
VisualStudioVersion = 16.0.29911.84
MinimumVisualStudioVersion = 10.0.40219.1
Project("{FAE04EC0-301F-11D3-BF4B-00C04F79EFBC}") = "WindowsFormsApp1", "WindowsFormsApp1\WindowsFormsApp1.csproj", "{245095ED-4F8F-404C-BA4F-4F16E48ADEDD}"
EndProject
Global
	GlobalSection(SolutionConfigurationPlatforms) = preSolution
		Debug|Any CPU = Debug|Any CPU
		Release|Any CPU = Release|Any CPU
	EndGlobalSection
	GlobalSection(ProjectConfigurationPlatforms) = postSolution
		{245095ED-4F8F-404C-BA4F-4F16E48ADEDD}.Debug|Any CPU.ActiveCfg = Debug|Any CPU
		{245095ED-4F8F-404C-BA4F-4F16E48ADEDD}.Debug|Any CPU.Build.0 = Debug|Any CPU
		{245095ED-4F8F-404C-BA4F-4F16E48ADEDD}.Release|Any CPU.ActiveCfg = Release|Any CPU
		{245095ED-4F8F-404C-BA4F-4F16E48ADEDD}.Release|Any CPU.Build.0 = Release|Any CPU
	EndGlobalSection
	GlobalSection(SolutionProperties) = preSolution
		HideSolutionNode = FALSE
	EndGlobalSection
	GlobalSection(ExtensibilityGlobals) = postSolution
		SolutionGuid = {2B139732-C8CB-448E-BE44-7BFB0F89D152}
	EndGlobalSection
EndGlobal
